// !$*UTF8*$!
{
	archiveVersion = 1;
	classes = {
	};
	objectVersion = 50;
	objects = {

/* Begin PBXBuildFile section */
		1B1ECC2323E6E20E0043F343 /* LocationService.swift in Sources */ = {isa = PBXBuildFile; fileRef = 1B1ECC1623E6E20E0043F343 /* LocationService.swift */; };
		1B1ECC2423E6E20E0043F343 /* Double+Extension.swift in Sources */ = {isa = PBXBuildFile; fileRef = 1B1ECC1923E6E20E0043F343 /* Double+Extension.swift */; };
		1B1ECC2523E6E20E0043F343 /* UIViewController+Extension.swift in Sources */ = {isa = PBXBuildFile; fileRef = 1B1ECC1A23E6E20E0043F343 /* UIViewController+Extension.swift */; };
		1B1ECC2623E6E20E0043F343 /* Constant.swift in Sources */ = {isa = PBXBuildFile; fileRef = 1B1ECC1C23E6E20E0043F343 /* Constant.swift */; };
		1B1ECC2723E6E20E0043F343 /* csvjson.json in Resources */ = {isa = PBXBuildFile; fileRef = 1B1ECC1E23E6E20E0043F343 /* csvjson.json */; };
		1B1ECC2823E6E20E0043F343 /* CarModel.swift in Sources */ = {isa = PBXBuildFile; fileRef = 1B1ECC2023E6E20E0043F343 /* CarModel.swift */; };
		1B1ECC2923E6E20E0043F343 /* AnnotationView.swift in Sources */ = {isa = PBXBuildFile; fileRef = 1B1ECC2123E6E20E0043F343 /* AnnotationView.swift */; };
		1B1ECC2A23E6E20E0043F343 /* MapAnnotation.swift in Sources */ = {isa = PBXBuildFile; fileRef = 1B1ECC2223E6E20E0043F343 /* MapAnnotation.swift */; };
		1B729A2F23DF167000C4A95E /* AppDelegate.swift in Sources */ = {isa = PBXBuildFile; fileRef = 1B729A2E23DF167000C4A95E /* AppDelegate.swift */; };
		1B729A3123DF167000C4A95E /* SceneDelegate.swift in Sources */ = {isa = PBXBuildFile; fileRef = 1B729A3023DF167000C4A95E /* SceneDelegate.swift */; };
		1B729A3623DF167000C4A95E /* Main.storyboard in Resources */ = {isa = PBXBuildFile; fileRef = 1B729A3423DF167000C4A95E /* Main.storyboard */; };
		1B729A3823DF167100C4A95E /* Assets.xcassets in Resources */ = {isa = PBXBuildFile; fileRef = 1B729A3723DF167100C4A95E /* Assets.xcassets */; };
		1B729A3B23DF167100C4A95E /* LaunchScreen.storyboard in Resources */ = {isa = PBXBuildFile; fileRef = 1B729A3923DF167100C4A95E /* LaunchScreen.storyboard */; };
		1B729A4623DF17EA00C4A95E /* HomeViewController.swift in Sources */ = {isa = PBXBuildFile; fileRef = 1B729A4523DF17EA00C4A95E /* HomeViewController.swift */; };
/* End PBXBuildFile section */

/* Begin PBXFileReference section */
		1B1ECC1623E6E20E0043F343 /* LocationService.swift */ = {isa = PBXFileReference; fileEncoding = 4; lastKnownFileType = sourcecode.swift; path = LocationService.swift; sourceTree = "<group>"; };
		1B1ECC1923E6E20E0043F343 /* Double+Extension.swift */ = {isa = PBXFileReference; fileEncoding = 4; lastKnownFileType = sourcecode.swift; path = "Double+Extension.swift"; sourceTree = "<group>"; };
		1B1ECC1A23E6E20E0043F343 /* UIViewController+Extension.swift */ = {isa = PBXFileReference; fileEncoding = 4; lastKnownFileType = sourcecode.swift; path = "UIViewController+Extension.swift"; sourceTree = "<group>"; };
		1B1ECC1C23E6E20E0043F343 /* Constant.swift */ = {isa = PBXFileReference; fileEncoding = 4; lastKnownFileType = sourcecode.swift; path = Constant.swift; sourceTree = "<group>"; };
		1B1ECC1E23E6E20E0043F343 /* csvjson.json */ = {isa = PBXFileReference; fileEncoding = 4; lastKnownFileType = text.json; path = csvjson.json; sourceTree = "<group>"; };
		1B1ECC2023E6E20E0043F343 /* CarModel.swift */ = {isa = PBXFileReference; fileEncoding = 4; lastKnownFileType = sourcecode.swift; path = CarModel.swift; sourceTree = "<group>"; };
		1B1ECC2123E6E20E0043F343 /* AnnotationView.swift */ = {isa = PBXFileReference; fileEncoding = 4; lastKnownFileType = sourcecode.swift; path = AnnotationView.swift; sourceTree = "<group>"; };
		1B1ECC2223E6E20E0043F343 /* MapAnnotation.swift */ = {isa = PBXFileReference; fileEncoding = 4; lastKnownFileType = sourcecode.swift; path = MapAnnotation.swift; sourceTree = "<group>"; };
		1B729A2B23DF167000C4A95E /* Track Car.app */ = {isa = PBXFileReference; explicitFileType = wrapper.application; includeInIndex = 0; path = "Track Car.app"; sourceTree = BUILT_PRODUCTS_DIR; };
		1B729A2E23DF167000C4A95E /* AppDelegate.swift */ = {isa = PBXFileReference; lastKnownFileType = sourcecode.swift; path = AppDelegate.swift; sourceTree = "<group>"; };
		1B729A3023DF167000C4A95E /* SceneDelegate.swift */ = {isa = PBXFileReference; lastKnownFileType = sourcecode.swift; path = SceneDelegate.swift; sourceTree = "<group>"; };
		1B729A3523DF167000C4A95E /* Base */ = {isa = PBXFileReference; lastKnownFileType = file.storyboard; name = Base; path = Base.lproj/Main.storyboard; sourceTree = "<group>"; };
		1B729A3723DF167100C4A95E /* Assets.xcassets */ = {isa = PBXFileReference; lastKnownFileType = folder.assetcatalog; path = Assets.xcassets; sourceTree = "<group>"; };
		1B729A3A23DF167100C4A95E /* Base */ = {isa = PBXFileReference; lastKnownFileType = file.storyboard; name = Base; path = Base.lproj/LaunchScreen.storyboard; sourceTree = "<group>"; };
		1B729A3C23DF167100C4A95E /* Info.plist */ = {isa = PBXFileReference; lastKnownFileType = text.plist.xml; path = Info.plist; sourceTree = "<group>"; };
		1B729A4523DF17EA00C4A95E /* HomeViewController.swift */ = {isa = PBXFileReference; lastKnownFileType = sourcecode.swift; path = HomeViewController.swift; sourceTree = "<group>"; };
/* End PBXFileReference section */

/* Begin PBXFrameworksBuildPhase section */
		1B729A2823DF167000C4A95E /* Frameworks */ = {
			isa = PBXFrameworksBuildPhase;
			buildActionMask = 2147483647;
			files = (
			);
			runOnlyForDeploymentPostprocessing = 0;
		};
/* End PBXFrameworksBuildPhase section */

/* Begin PBXGroup section */
		1B1ECC1423E6E20E0043F343 /* TrackCar */ = {
			isa = PBXGroup;
			children = (
				1B1ECC1523E6E20E0043F343 /* ViewModel */,
				1B1ECC1723E6E20E0043F343 /* Utilities */,
				1B1ECC1F23E6E20E0043F343 /* Model */,
			);
			path = TrackCar;
			sourceTree = "<group>";
		};
		1B1ECC1523E6E20E0043F343 /* ViewModel */ = {
			isa = PBXGroup;
			children = (
				1B1ECC1623E6E20E0043F343 /* LocationService.swift */,
			);
			path = ViewModel;
			sourceTree = "<group>";
		};
		1B1ECC1723E6E20E0043F343 /* Utilities */ = {
			isa = PBXGroup;
			children = (
				1B1ECC1823E6E20E0043F343 /* Extension */,
				1B1ECC1B23E6E20E0043F343 /* Constant */,
				1B1ECC1D23E6E20E0043F343 /* JSON File */,
			);
			path = Utilities;
			sourceTree = "<group>";
		};
		1B1ECC1823E6E20E0043F343 /* Extension */ = {
			isa = PBXGroup;
			children = (
				1B1ECC1923E6E20E0043F343 /* Double+Extension.swift */,
				1B1ECC1A23E6E20E0043F343 /* UIViewController+Extension.swift */,
			);
			path = Extension;
			sourceTree = "<group>";
		};
		1B1ECC1B23E6E20E0043F343 /* Constant */ = {
			isa = PBXGroup;
			children = (
				1B1ECC1C23E6E20E0043F343 /* Constant.swift */,
			);
			path = Constant;
			sourceTree = "<group>";
		};
		1B1ECC1D23E6E20E0043F343 /* JSON File */ = {
			isa = PBXGroup;
			children = (
				1B1ECC1E23E6E20E0043F343 /* csvjson.json */,
			);
			path = "JSON File";
			sourceTree = "<group>";
		};
		1B1ECC1F23E6E20E0043F343 /* Model */ = {
			isa = PBXGroup;
			children = (
				1B1ECC2023E6E20E0043F343 /* CarModel.swift */,
				1B1ECC2123E6E20E0043F343 /* AnnotationView.swift */,
				1B1ECC2223E6E20E0043F343 /* MapAnnotation.swift */,
			);
			path = Model;
			sourceTree = "<group>";
		};
		1B729A2223DF167000C4A95E = {
			isa = PBXGroup;
			children = (
				1B729A2D23DF167000C4A95E /* MapAnnotatation */,
				1B729A2C23DF167000C4A95E /* Products */,
			);
			sourceTree = "<group>";
		};
		1B729A2C23DF167000C4A95E /* Products */ = {
			isa = PBXGroup;
			children = (
				1B729A2B23DF167000C4A95E /* Track Car.app */,
			);
			name = Products;
			sourceTree = "<group>";
		};
		1B729A2D23DF167000C4A95E /* MapAnnotatation */ = {
			isa = PBXGroup;
			children = (
				1B729A2E23DF167000C4A95E /* AppDelegate.swift */,
				1B729A3023DF167000C4A95E /* SceneDelegate.swift */,
				1B729A4523DF17EA00C4A95E /* HomeViewController.swift */,
				1B729A3423DF167000C4A95E /* Main.storyboard */,
				1B729A3723DF167100C4A95E /* Assets.xcassets */,
				1B729A3923DF167100C4A95E /* LaunchScreen.storyboard */,
				1B729A3C23DF167100C4A95E /* Info.plist */,
				1B1ECC1423E6E20E0043F343 /* TrackCar */,
			);
			path = MapAnnotatation;
			sourceTree = "<group>";
		};
/* End PBXGroup section */

/* Begin PBXNativeTarget section */
		1B729A2A23DF167000C4A95E /* MapAnnotatation */ = {
			isa = PBXNativeTarget;
			buildConfigurationList = 1B729A3F23DF167100C4A95E /* Build configuration list for PBXNativeTarget "MapAnnotatation" */;
			buildPhases = (
				1B729A2723DF167000C4A95E /* Sources */,
				1B729A2823DF167000C4A95E /* Frameworks */,
				1B729A2923DF167000C4A95E /* Resources */,
			);
			buildRules = (
			);
			dependencies = (
			);
			name = MapAnnotatation;
			productName = MapAnnotatation;
			productReference = 1B729A2B23DF167000C4A95E /* Track Car.app */;
			productType = "com.apple.product-type.application";
		};
/* End PBXNativeTarget section */

/* Begin PBXProject section */
		1B729A2323DF167000C4A95E /* Project object */ = {
			isa = PBXProject;
			attributes = {
				LastSwiftUpdateCheck = 1110;
				LastUpgradeCheck = 1110;
				ORGANIZATIONNAME = "Ramkrishna Sharma";
				TargetAttributes = {
					1B729A2A23DF167000C4A95E = {
						CreatedOnToolsVersion = 11.1;
					};
				};
			};
			buildConfigurationList = 1B729A2623DF167000C4A95E /* Build configuration list for PBXProject "MapAnnotatation" */;
			compatibilityVersion = "Xcode 9.3";
			developmentRegion = en;
			hasScannedForEncodings = 0;
			knownRegions = (
				en,
				Base,
			);
			mainGroup = 1B729A2223DF167000C4A95E;
			productRefGroup = 1B729A2C23DF167000C4A95E /* Products */;
			projectDirPath = "";
			projectRoot = "";
			targets = (
				1B729A2A23DF167000C4A95E /* MapAnnotatation */,
			);
		};
/* End PBXProject section */

/* Begin PBXResourcesBuildPhase section */
		1B729A2923DF167000C4A95E /* Resources */ = {
			isa = PBXResourcesBuildPhase;
			buildActionMask = 2147483647;
			files = (
				1B729A3B23DF167100C4A95E /* LaunchScreen.storyboard in Resources */,
				1B729A3823DF167100C4A95E /* Assets.xcassets in Resources */,
				1B1ECC2723E6E20E0043F343 /* csvjson.json in Resources */,
				1B729A3623DF167000C4A95E /* Main.storyboard in Resources */,
			);
			runOnlyForDeploymentPostprocessing = 0;
		};
/* End PBXResourcesBuildPhase section */

/* Begin PBXSourcesBuildPhase section */
		1B729A2723DF167000C4A95E /* Sources */ = {
			isa = PBXSourcesBuildPhase;
			buildActionMask = 2147483647;
			files = (
				1B1ECC2823E6E20E0043F343 /* CarModel.swift in Sources */,
				1B1ECC2A23E6E20E0043F343 /* MapAnnotation.swift in Sources */,
				1B1ECC2923E6E20E0043F343 /* AnnotationView.swift in Sources */,
				1B1ECC2623E6E20E0043F343 /* Constant.swift in Sources */,
				1B1ECC2523E6E20E0043F343 /* UIViewController+Extension.swift in Sources */,
				1B729A2F23DF167000C4A95E /* AppDelegate.swift in Sources */,
				1B729A3123DF167000C4A95E /* SceneDelegate.swift in Sources */,
				1B1ECC2323E6E20E0043F343 /* LocationService.swift in Sources */,
				1B1ECC2423E6E20E0043F343 /* Double+Extension.swift in Sources */,
				1B729A4623DF17EA00C4A95E /* HomeViewController.swift in Sources */,
			);
			runOnlyForDeploymentPostprocessing = 0;
		};
/* End PBXSourcesBuildPhase section */

/* Begin PBXVariantGroup section */
		1B729A3423DF167000C4A95E /* Main.storyboard */ = {
			isa = PBXVariantGroup;
			children = (
				1B729A3523DF167000C4A95E /* Base */,
			);
			name = Main.storyboard;
			sourceTree = "<group>";
		};
		1B729A3923DF167100C4A95E /* LaunchScreen.storyboard */ = {
			isa = PBXVariantGroup;
			children = (
				1B729A3A23DF167100C4A95E /* Base */,
			);
			name = LaunchScreen.storyboard;
			sourceTree = "<group>";
		};
/* End PBXVariantGroup section */

/* Begin XCBuildConfiguration section */
		1B729A3D23DF167100C4A95E /* Debug */ = {
			isa = XCBuildConfiguration;
			buildSettings = {
				ALWAYS_SEARCH_USER_PATHS = NO;
				CLANG_ANALYZER_NONNULL = YES;
				CLANG_ANALYZER_NUMBER_OBJECT_CONVERSION = YES_AGGRESSIVE;
				CLANG_CXX_LANGUAGE_STANDARD = "gnu++14";
				CLANG_CXX_LIBRARY = "libc++";
				CLANG_ENABLE_MODULES = YES;
				CLANG_ENABLE_OBJC_ARC = YES;
				CLANG_ENABLE_OBJC_WEAK = YES;
				CLANG_WARN_BLOCK_CAPTURE_AUTORELEASING = YES;
				CLANG_WARN_BOOL_CONVERSION = YES;
				CLANG_WARN_COMMA = YES;
				CLANG_WARN_CONSTANT_CONVERSION = YES;
				CLANG_WARN_DEPRECATED_OBJC_IMPLEMENTATIONS = YES;
				CLANG_WARN_DIRECT_OBJC_ISA_USAGE = YES_ERROR;
				CLANG_WARN_DOCUMENTATION_COMMENTS = YES;
				CLANG_WARN_EMPTY_BODY = YES;
				CLANG_WARN_ENUM_CONVERSION = YES;
				CLANG_WARN_INFINITE_RECURSION = YES;
				CLANG_WARN_INT_CONVERSION = YES;
				CLANG_WARN_NON_LITERAL_NULL_CONVERSION = YES;
				CLANG_WARN_OBJC_IMPLICIT_RETAIN_SELF = YES;
				CLANG_WARN_OBJC_LITERAL_CONVERSION = YES;
				CLANG_WARN_OBJC_ROOT_CLASS = YES_ERROR;
				CLANG_WARN_RANGE_LOOP_ANALYSIS = YES;
				CLANG_WARN_STRICT_PROTOTYPES = YES;
				CLANG_WARN_SUSPICIOUS_MOVE = YES;
				CLANG_WARN_UNGUARDED_AVAILABILITY = YES_AGGRESSIVE;
				CLANG_WARN_UNREACHABLE_CODE = YES;
				CLANG_WARN__DUPLICATE_METHOD_MATCH = YES;
				COPY_PHASE_STRIP = NO;
				DEBUG_INFORMATION_FORMAT = dwarf;
				ENABLE_STRICT_OBJC_MSGSEND = YES;
				ENABLE_TESTABILITY = YES;
				GCC_C_LANGUAGE_STANDARD = gnu11;
				GCC_DYNAMIC_NO_PIC = NO;
				GCC_NO_COMMON_BLOCKS = YES;
				GCC_OPTIMIZATION_LEVEL = 0;
				GCC_PREPROCESSOR_DEFINITIONS = (
					"DEBUG=1",
					"$(inherited)",
				);
				GCC_WARN_64_TO_32_BIT_CONVERSION = YES;
				GCC_WARN_ABOUT_RETURN_TYPE = YES_ERROR;
				GCC_WARN_UNDECLARED_SELECTOR = YES;
				GCC_WARN_UNINITIALIZED_AUTOS = YES_AGGRESSIVE;
				GCC_WARN_UNUSED_FUNCTION = YES;
				GCC_WARN_UNUSED_VARIABLE = YES;
				IPHONEOS_DEPLOYMENT_TARGET = 13.1;
				MTL_ENABLE_DEBUG_INFO = INCLUDE_SOURCE;
				MTL_FAST_MATH = YES;
				ONLY_ACTIVE_ARCH = YES;
				SDKROOT = iphoneos;
				SWIFT_ACTIVE_COMPILATION_CONDITIONS = DEBUG;
				SWIFT_OPTIMIZATION_LEVEL = "-Onone";
			};
			name = Debug;
		};
		1B729A3E23DF167100C4A95E /* Release */ = {
			isa = XCBuildConfiguration;
			buildSettings = {
				ALWAYS_SEARCH_USER_PATHS = NO;
				CLANG_ANALYZER_NONNULL = YES;
				CLANG_ANALYZER_NUMBER_OBJECT_CONVERSION = YES_AGGRESSIVE;
				CLANG_CXX_LANGUAGE_STANDARD = "gnu++14";
				CLANG_CXX_LIBRARY = "libc++";
				CLANG_ENABLE_MODULES = YES;
				CLANG_ENABLE_OBJC_ARC = YES;
				CLANG_ENABLE_OBJC_WEAK = YES;
				CLANG_WARN_BLOCK_CAPTURE_AUTORELEASING = YES;
				CLANG_WARN_BOOL_CONVERSION = YES;
				CLANG_WARN_COMMA = YES;
				CLANG_WARN_CONSTANT_CONVERSION = YES;
				CLANG_WARN_DEPRECATED_OBJC_IMPLEMENTATIONS = YES;
				CLANG_WARN_DIRECT_OBJC_ISA_USAGE = YES_ERROR;
				CLANG_WARN_DOCUMENTATION_COMMENTS = YES;
				CLANG_WARN_EMPTY_BODY = YES;
				CLANG_WARN_ENUM_CONVERSION = YES;
				CLANG_WARN_INFINITE_RECURSION = YES;
				CLANG_WARN_INT_CONVERSION = YES;
				CLANG_WARN_NON_LITERAL_NULL_CONVERSION = YES;
				CLANG_WARN_OBJC_IMPLICIT_RETAIN_SELF = YES;
				CLANG_WARN_OBJC_LITERAL_CONVERSION = YES;
				CLANG_WARN_OBJC_ROOT_CLASS = YES_ERROR;
				CLANG_WARN_RANGE_LOOP_ANALYSIS = YES;
				CLANG_WARN_STRICT_PROTOTYPES = YES;
				CLANG_WARN_SUSPICIOUS_MOVE = YES;
				CLANG_WARN_UNGUARDED_AVAILABILITY = YES_AGGRESSIVE;
				CLANG_WARN_UNREACHABLE_CODE = YES;
				CLANG_WARN__DUPLICATE_METHOD_MATCH = YES;
				COPY_PHASE_STRIP = NO;
				DEBUG_INFORMATION_FORMAT = "dwarf-with-dsym";
				ENABLE_NS_ASSERTIONS = NO;
				ENABLE_STRICT_OBJC_MSGSEND = YES;
				GCC_C_LANGUAGE_STANDARD = gnu11;
				GCC_NO_COMMON_BLOCKS = YES;
				GCC_WARN_64_TO_32_BIT_CONVERSION = YES;
				GCC_WARN_ABOUT_RETURN_TYPE = YES_ERROR;
				GCC_WARN_UNDECLARED_SELECTOR = YES;
				GCC_WARN_UNINITIALIZED_AUTOS = YES_AGGRESSIVE;
				GCC_WARN_UNUSED_FUNCTION = YES;
				GCC_WARN_UNUSED_VARIABLE = YES;
				IPHONEOS_DEPLOYMENT_TARGET = 13.1;
				MTL_ENABLE_DEBUG_INFO = NO;
				MTL_FAST_MATH = YES;
				SDKROOT = iphoneos;
				SWIFT_COMPILATION_MODE = wholemodule;
				SWIFT_OPTIMIZATION_LEVEL = "-O";
				VALIDATE_PRODUCT = YES;
			};
			name = Release;
		};
		1B729A4023DF167100C4A95E /* Debug */ = {
			isa = XCBuildConfiguration;
			buildSettings = {
				ASSETCATALOG_COMPILER_APPICON_NAME = AppIcon;
				CODE_SIGN_STYLE = Automatic;
				INFOPLIST_FILE = MapAnnotatation/Info.plist;
				IPHONEOS_DEPLOYMENT_TARGET = 13.0;
				LD_RUNPATH_SEARCH_PATHS = (
					"$(inherited)",
					"@executable_path/Frameworks",
				);
				PRODUCT_BUNDLE_IDENTIFIER = com.mapAnnotation.map.MapAnnotatation;
				PRODUCT_NAME = "Track Car";
				SWIFT_VERSION = 5.0;
				TARGETED_DEVICE_FAMILY = 1;
			};
			name = Debug;
		};
		1B729A4123DF167100C4A95E /* Release */ = {
			isa = XCBuildConfiguration;
			buildSettings = {
				ASSETCATALOG_COMPILER_APPICON_NAME = AppIcon;
				CODE_SIGN_STYLE = Automatic;
				INFOPLIST_FILE = MapAnnotatation/Info.plist;
				IPHONEOS_DEPLOYMENT_TARGET = 13.0;
				LD_RUNPATH_SEARCH_PATHS = (
					"$(inherited)",
					"@executable_path/Frameworks",
				);
				PRODUCT_BUNDLE_IDENTIFIER = com.mapAnnotation.map.MapAnnotatation;
				PRODUCT_NAME = "Track Car";
				SWIFT_VERSION = 5.0;
				TARGETED_DEVICE_FAMILY = 1;
			};
			name = Release;
		};
/* End XCBuildConfiguration section */

/* Begin XCConfigurationList section */
		1B729A2623DF167000C4A95E /* Build configuration list for PBXProject "MapAnnotatation" */ = {
			isa = XCConfigurationList;
			buildConfigurations = (
				1B729A3D23DF167100C4A95E /* Debug */,
				1B729A3E23DF167100C4A95E /* Release */,
			);
			defaultConfigurationIsVisible = 0;
			defaultConfigurationName = Release;
		};
		1B729A3F23DF167100C4A95E /* Build configuration list for PBXNativeTarget "MapAnnotatation" */ = {
			isa = XCConfigurationList;
			buildConfigurations = (
				1B729A4023DF167100C4A95E /* Debug */,
				1B729A4123DF167100C4A95E /* Release */,
			);
			defaultConfigurationIsVisible = 0;
			defaultConfigurationName = Release;
		};
/* End XCConfigurationList section */
	};
	rootObject = 1B729A2323DF167000C4A95E /* Project object */;
}
